
Microsoft Visual Studio Solution File, Format Version 12.00
# Visual Studio Version 17
VisualStudioVersion = 17.5.33424.131
MinimumVisualStudioVersion = 10.0.40219.1
Project("{FAE04EC0-301F-11D3-BF4B-00C04F79EFBC}") = "0405hw", "0405hw\0405hw.csproj", "{D0B7A095-389A-4DBB-9688-B6A47217C1F3}"
EndProject
Global
	GlobalSection(SolutionConfigurationPlatforms) = preSolution
		Debug|Any CPU = Debug|Any CPU
		Release|Any CPU = Release|Any CPU
	EndGlobalSection
	GlobalSection(ProjectConfigurationPlatforms) = postSolution
		{D0B7A095-389A-4DBB-9688-B6A47217C1F3}.Debug|Any CPU.ActiveCfg = Debug|Any CPU
		{D0B7A095-389A-4DBB-9688-B6A47217C1F3}.Debug|Any CPU.Build.0 = Debug|Any CPU
		{D0B7A095-389A-4DBB-9688-B6A47217C1F3}.Release|Any CPU.ActiveCfg = Release|Any CPU
		{D0B7A095-389A-4DBB-9688-B6A47217C1F3}.Release|Any CPU.Build.0 = Release|Any CPU
	EndGlobalSection
	GlobalSection(SolutionProperties) = preSolution
		HideSolutionNode = FALSE
	EndGlobalSection
	GlobalSection(ExtensibilityGlobals) = postSolution
		SolutionGuid = {23999D0C-B2DD-4CFA-968B-DCC35BA35089}
	EndGlobalSection
EndGlobal
